# THIS IS AN AUTOGENERATED FILE. DO NOT EDIT THIS FILE DIRECTLY.
# yarn lockfile v1


"@types/antlr4@^4.11.0":
  version "4.11.0"
  resolved "https://registry.yarnpkg.com/@types/antlr4/-/antlr4-4.11.0.tgz#067c661362d5fc8476f2966021f5a7b44db565dd"
  integrity sha512-ZN/RIYHqXcySR4Odrl+n0g+/YJM9Z+asEdOHxRETiAezivZA+3kdNlCZAtehmydNFhECAh9PqAxkkGfWLKMYSw==

antlr4@^4.11.0:
  version "4.11.0"
  resolved "https://registry.yarnpkg.com/antlr4/-/antlr4-4.11.0.tgz#d7466f5044fa6e333c0ec821b30c6157f6b004ae"
  integrity sha512-GUGlpE2JUjAN+G8G5vY+nOoeyNhHsXoIJwP1XF1oRw89vifA1K46T6SEkwLwr7drihN7I/lf0DIjKc4OZvBX8w==

vscode-jsonrpc@6.0.0:
  version "6.0.0"
  resolved "https://registry.npmjs.org/vscode-jsonrpc/-/vscode-jsonrpc-6.0.0.tgz"
  integrity sha512-wnJA4BnEjOSyFMvjZdpiOwhSq9uDoK8e/kpRJDTaMYzwlkrhG1fwDIZI94CLsLzlCK5cIbMMtFlJlfR57Lavmg==

vscode-languageserver-protocol@3.16.0:
  version "3.16.0"
  resolved "https://registry.npmjs.org/vscode-languageserver-protocol/-/vscode-languageserver-protocol-3.16.0.tgz"
  integrity sha512-sdeUoAawceQdgIfTI+sdcwkiK2KU+2cbEYA0agzM2uqaUy2UpnnGHtWTHVEtS0ES4zHU0eMFRGN+oQgDxlD66A==
  dependencies:
    vscode-jsonrpc "6.0.0"
    vscode-languageserver-types "3.16.0"

vscode-languageserver-textdocument@^1.0.4:
  version "1.0.4"
  resolved "https://registry.npmjs.org/vscode-languageserver-textdocument/-/vscode-languageserver-textdocument-1.0.4.tgz"
  integrity sha512-/xhqXP/2A2RSs+J8JNXpiiNVvvNM0oTosNVmQnunlKvq9o4mupHOBAnnzH0lwIPKazXKvAKsVp1kr+H/K4lgoQ==

vscode-languageserver-types@3.16.0:
  version "3.16.0"
  resolved "https://registry.npmjs.org/vscode-languageserver-types/-/vscode-languageserver-types-3.16.0.tgz"
  integrity sha512-k8luDIWJWyenLc5ToFQQMaSrqCHiLwyKPHKPQZ5zz21vM+vIVUSvsRpcbiECH4WR88K2XZqc4ScRcZ7nk/jbeA==

vscode-languageserver@^7.0.0:
  version "7.0.0"
  resolved "https://registry.npmjs.org/vscode-languageserver/-/vscode-languageserver-7.0.0.tgz"
  integrity sha512-60HTx5ID+fLRcgdHfmz0LDZAXYEV68fzwG0JWwEPBode9NuMYTIxuYXPg4ngO8i8+Ou0lM7y6GzaYWbiDL0drw==
  dependencies:
    vscode-languageserver-protocol "3.16.0"
